version = 1
revision = 3
requires-python = ">=3.11"

[[package]]
name = "pyenchant"
version = "3.3.0"
source = { registry = "https://pypi.org/simple" }
sdist = { url = "https://files.pythonhosted.org/packages/36/ad/64925c937e41be75c7067c85757b3d45b148e9111187b37693269f583156/pyenchant-3.3.0.tar.gz", hash = "sha256:825288246b5debc9436f91967650974ef0d5636458502619e322c476f1283891", size = 60696, upload-time = "2025-09-14T16:23:12.113Z" }
wheels = [
    { url = "https://files.pythonhosted.org/packages/38/b0/35926bad6885fb7bc24aa7e1b45e6d86540c6c57ee4abc4fed1ef58d4ec0/pyenchant-3.3.0-py3-none-any.whl", hash = "sha256:3da00b1d01314d85aac733bb997415d7a3e875666dc81735ddcf320aa36b7a70", size = 58363, upload-time = "2025-09-14T16:23:04.297Z" },
    { url = "https://files.pythonhosted.org/packages/d6/7f/1d7b8ad86c2a841d940df7b965fa727e052b95d539e4c563da685c25d0d2/pyenchant-3.3.0-py3-none-win32.whl", hash = "sha256:1d55e075645a6edbb3c590fb42f9e02b4d455e4affe28a2227d5cb6d4868e626", size = 37787278, upload-time = "2025-09-14T16:23:06.629Z" },
    { url = "https://files.pythonhosted.org/packages/ad/ae/5624803b62ecb0a20248f0d28ed3f78c78746a032582a016d4b2890c7899/pyenchant-3.3.0-py3-none-win_amd64.whl", hash = "sha256:04a5bd0e022ebe2e8c6d9e498ec3d650602e264ec5486e9c6a1b7f99c9507c49", size = 37427576, upload-time = "2025-09-14T16:23:09.574Z" },
]

[[package]]
name = "pyqt6"
version = "6.10.2"
source = { registry = "https://pypi.org/simple" }
dependencies = [
    { name = "pyqt6-qt6" },
    { name = "pyqt6-sip" },
]
sdist = { url = "https://files.pythonhosted.org/packages/96/03/e756f52e8b0d7bb5527baf8c46d59af0746391943bdb8655acba22ee4168/pyqt6-6.10.2.tar.gz", hash = "sha256:6c0db5d8cbb9a3e7e2b5b51d0ff3f283121fa27b864db6d2f35b663c9be5cc83", size = 1085573, upload-time = "2026-01-08T16:40:00.244Z" }
wheels = [
    { url = "https://files.pythonhosted.org/packages/fb/3f/f073a980969aa485ef288eb2e3b94c223ba9c7ac9941543f19b51659b98d/pyqt6-6.10.2-cp39-abi3-macosx_10_14_universal2.whl", hash = "sha256:37ae7c1183fe4dd0c6aefd2006a35731245de1cb6f817bb9e414a3e4848dfd6d", size = 60244482, upload-time = "2026-01-08T16:38:50.837Z" },
    { url = "https://files.pythonhosted.org/packages/ec/3e/9a015651ec71cea2e2f960c37edeb21623ba96a74956c0827def837f7c6b/pyqt6-6.10.2-cp39-abi3-manylinux_2_34_x86_64.whl", hash = "sha256:78e1b3d5763e4cbc84485aef600e0aba5e1932fd263b716f92cd1a40dfa5e924", size = 37899440, upload-time = "2026-01-08T16:39:09.027Z" },
    { url = "https://files.pythonhosted.org/packages/51/74/a88fec2b99700270ca5d7dc7d650236a4990ed6fc88e055ca0fc8a339ee3/pyqt6-6.10.2-cp39-abi3-manylinux_2_39_aarch64.whl", hash = "sha256:bbc3af541bbecd27301bfe69fe445aa1611a9b490bd3de77306b12df632f7ec6", size = 40748467, upload-time = "2026-01-08T16:39:29.551Z" },
    { url = "https://files.pythonhosted.org/packages/75/34/be7a55529607b21db00a49ca53cb07c3092d2a5a95ea19bb95cfa0346904/pyqt6-6.10.2-cp39-abi3-win_amd64.whl", hash = "sha256:bd328cb70bc382c48861cd5f0a11b2b8ae6f5692d5a2d6679ba52785dced327b", size = 26015391, upload-time = "2026-01-08T16:39:42.946Z" },
    { url = "https://files.pythonhosted.org/packages/af/de/d9c88f976602b7884fec4ad54a4575d48e23e4f390e5357ea83917358846/pyqt6-6.10.2-cp39-abi3-win_arm64.whl", hash = "sha256:7901ba1df024b7ee9fdacfb2b7661aeb3749ae8b0bef65428077de3e0450eabb", size = 26208415, upload-time = "2026-01-08T16:39:57.751Z" },
]

[[package]]
name = "pyqt6-qt6"
version = "6.10.1"
source = { registry = "https://pypi.org/simple" }
wheels = [
    { url = "https://files.pythonhosted.org/packages/54/1b/137184632cad83a210e7955226744a77945260ca2e75892fe36299d26ada/pyqt6_qt6-6.10.1-py3-none-macosx_10_14_x86_64.whl", hash = "sha256:4bb2798a95f624b462b70c4f185422235b714b01e55abab32af1740f147948e2", size = 68472463, upload-time = "2025-11-27T14:20:51.694Z" },
    { url = "https://files.pythonhosted.org/packages/af/df/ca795ac3d04243ad63499cfedcf92d8b5f6e3585a2a26c09f34cb58c8e44/pyqt6_qt6-6.10.1-py3-none-macosx_11_0_arm64.whl", hash = "sha256:0921cc522512cb40dbab673806bc1676924819550e0aec8e3f3fe6907387c5b7", size = 62296168, upload-time = "2025-11-27T14:21:21.232Z" },
    { url = "https://files.pythonhosted.org/packages/f4/7e/9867361252e2a4717dba95c64a0f3a793603f4a52cb9a46abbb041e960f5/pyqt6_qt6-6.10.1-py3-none-manylinux_2_34_x86_64.whl", hash = "sha256:04069aea421703b1269c8a1bcf017e36463af284a044239a4ebda3bde0a629fb", size = 83829262, upload-time = "2025-11-27T14:22:00.399Z" },
    { url = "https://files.pythonhosted.org/packages/9b/7b/18f4eb2273a92283fe4d87aa740a400eb14a4e41b8f990aaf563e9767db6/pyqt6_qt6-6.10.1-py3-none-manylinux_2_39_aarch64.whl", hash = "sha256:5b9be39e0120e32d0b42cdb844e3ae110ddadd39629c991e511902c06f155aff", size = 82877396, upload-time = "2025-11-27T14:22:36.994Z" },
    { url = "https://files.pythonhosted.org/packages/53/5c/648c515d57bc82909d0597befb03bbc2f7a570f323dba3ad38629669efcb/pyqt6_qt6-6.10.1-py3-none-win_amd64.whl", hash = "sha256:df564d3dc2863b1fde22b39bea9f56ceb2a3ed7d6f0b76d3f96c2d3bc5d71516", size = 76670151, upload-time = "2025-11-27T14:23:11.172Z" },
    { url = "https://files.pythonhosted.org/packages/0a/13/2d2a9c0559bfa53effea5e2c1ed7aebb430186ce0b64cfba235231a049d9/pyqt6_qt6-6.10.1-py3-none-win_arm64.whl", hash = "sha256:48282e0f99682daf4f1e220cfe9f41255e003af38f7728a30d40c76e55c89816", size = 58276316, upload-time = "2025-11-27T14:23:38.744Z" },
]

[[package]]
name = "pyqt6-sip"
version = "13.10.3"
source = { registry = "https://pypi.org/simple" }
sdist = { url = "https://files.pythonhosted.org/packages/0d/e9/d1b97154cec1d6c8a3d93fb6565d1463bc528fa5103491d626d07a451c7c/pyqt6_sip-13.10.3.tar.gz", hash = "sha256:630895b3827e2c3b4e072089157985691fe4210d64340e71141f93775ea4ae51", size = 92621, upload-time = "2025-12-06T13:19:44.569Z" }
wheels = [
    { url = "https://files.pythonhosted.org/packages/b2/4f/c39744c2c5d7c28371c288d1d687c7365bfcf4c3556a001618a532d2eaee/pyqt6_sip-13.10.3-cp311-cp311-macosx_10_9_universal2.whl", hash = "sha256:a7cf030fd4a024ffc60d5d9ea10b443b5a8ca5e247036d72fc4e13f12f3670c6", size = 110801, upload-time = "2025-12-06T13:19:21.955Z" },
    { url = "https://files.pythonhosted.org/packages/dd/ce/3d96d6ba0f45808b2629149386df512f578774e22a38e3a21afe51637212/pyqt6_sip-13.10.3-cp311-cp311-manylinux1_x86_64.manylinux_2_5_x86_64.whl", hash = "sha256:580dcd25016f54fcee30663bac55534bdc2a1d1d06dd39850dc4573ae938b792", size = 291453, upload-time = "2025-12-06T13:19:24.44Z" },
    { url = "https://files.pythonhosted.org/packages/e0/fe/b1e2815803c8e18b7d6426b7d5c81bf46629a8593476fa7b031bd4ce71a5/pyqt6_sip-13.10.3-cp311-cp311-manylinux_2_17_aarch64.manylinux2014_aarch64.whl", hash = "sha256:52c864e6977f1d45a98b8f694682fc545fd21b2432e84f552e8b16894f9b41ed", size = 317860, upload-time = "2025-12-06T13:19:23.208Z" },
    { url = "https://files.pythonhosted.org/packages/22/16/42adcc52712046490b72e5300d0cb0faeceeb142af5a528dde8883660d30/pyqt6_sip-13.10.3-cp311-cp311-win_amd64.whl", hash = "sha256:e65a52b3e1228de2a0cd4051191dcbd36adefeb0db813c207a4b7516803d1c25", size = 54102, upload-time = "2025-12-06T13:19:25.413Z" },
    { url = "https://files.pythonhosted.org/packages/2c/43/eb3089219b98944f129db17d40d5caea561dc7835a2066f46684f85841e6/pyqt6_sip-13.10.3-cp311-cp311-win_arm64.whl", hash = "sha256:3ddaf8fd15d18b550d054d3e5b6bbb3ae227650caabd0953f4da2bde07c3bd1c", size = 48359, upload-time = "2025-12-06T13:19:26.743Z" },
    { url = "https://files.pythonhosted.org/packages/61/46/c44d1956a2a6bae272883b276125964736adc0e0a87f95a4af0f7876ba08/pyqt6_sip-13.10.3-cp312-cp312-macosx_10_9_universal2.whl", hash = "sha256:61e4e935f1d80dd107b0a97fbcbbf27e07046666f72663fa4b0d700514e8201c", size = 112365, upload-time = "2025-12-06T13:19:27.79Z" },
    { url = "https://files.pythonhosted.org/packages/11/fd/04adac969ba70bb042d52e13c99c968fce0e1fa6a52146f03a974168a848/pyqt6_sip-13.10.3-cp312-cp312-manylinux1_x86_64.manylinux_2_5_x86_64.whl", hash = "sha256:3f3e2a79738319b795f0d1b2a555b1ea669b1a306b604bac876c84833cabb008", size = 301147, upload-time = "2025-12-06T13:19:30.279Z" },
    { url = "https://files.pythonhosted.org/packages/74/83/7ba660ddd7070090bcd387140865474affd901861ba8f6dfcb18504f7f26/pyqt6_sip-13.10.3-cp312-cp312-manylinux_2_17_aarch64.manylinux2014_aarch64.whl", hash = "sha256:748758dfd7f77aeb1c5becfc934a722ce10de51bfdf9902f9cad19c27ba146e7", size = 323336, upload-time = "2025-12-06T13:19:28.961Z" },
    { url = "https://files.pythonhosted.org/packages/cc/0b/6c77989542751c5ec3d829ff6f65b13c646606560c72b96aeb4dfae843b0/pyqt6_sip-13.10.3-cp312-cp312-win_amd64.whl", hash = "sha256:7361b7005a375cd647f2d1e3ca7000967406831bef466003e6ead2af27d84a2b", size = 53459, upload-time = "2025-12-06T13:19:31.353Z" },
    { url = "https://files.pythonhosted.org/packages/9b/73/74df7a24c75719ee36e94d97e147c3c260c1a6268e48d692f561f9d5b9dc/pyqt6_sip-13.10.3-cp312-cp312-win_arm64.whl", hash = "sha256:dd21e6f70f7cfe81e1d9b96800652ffeb5947b41354c4fd58a5e3d3f02499a7a", size = 48647, upload-time = "2025-12-06T13:19:32.271Z" },
    { url = "https://files.pythonhosted.org/packages/0c/a9/25a07fb16308e9405ac01369013943ae58bef72c8700d8a6100182b8d937/pyqt6_sip-13.10.3-cp313-cp313-macosx_10_13_universal2.whl", hash = "sha256:a8b5532398c0e6d0064d4dce4c096ff20bf710507dafefb036eff61c3f59cda8", size = 112348, upload-time = "2025-12-06T13:19:33.323Z" },
    { url = "https://files.pythonhosted.org/packages/4a/f1/38b625b0638681659bc3c7eaa548b65862a305d26b48835b67cdd6add720/pyqt6_sip-13.10.3-cp313-cp313-manylinux1_x86_64.manylinux_2_5_x86_64.whl", hash = "sha256:d02c138c6eacb13ef668bfe6becfb6ab40bb40135f34a36ef31b7dc860976493", size = 301470, upload-time = "2025-12-06T13:19:35.824Z" },
    { url = "https://files.pythonhosted.org/packages/cd/8d/a2eaccc88cc53e6370e3728593ea80d10a132f87078ce7cbcfc8c33d9b3f/pyqt6_sip-13.10.3-cp313-cp313-manylinux_2_17_aarch64.manylinux2014_aarch64.whl", hash = "sha256:e234a3af9539f71bb566e7136317b92f189a89553970284d833cd63cca4dafdd", size = 323466, upload-time = "2025-12-06T13:19:34.445Z" },
    { url = "https://files.pythonhosted.org/packages/47/f8/55a93c3eda94c94fc10c2537f55ca98d9bb1982bf65c03ee2302c250b6aa/pyqt6_sip-13.10.3-cp313-cp313-win_amd64.whl", hash = "sha256:a856b9b2a4700c8dded1c870811d5ba26722238d57c9098904a99570429d112b", size = 53468, upload-time = "2025-12-06T13:19:36.877Z" },
    { url = "https://files.pythonhosted.org/packages/41/a3/ee0633507350442580a2cd893e4edb7170d87fef1c790365e7bc4999ce40/pyqt6_sip-13.10.3-cp313-cp313-win_arm64.whl", hash = "sha256:9e48e5d6ac9e1a61d5abdfb2191a0ffb19948eefd5adacdd0c1dedbed06222aa", size = 48645, upload-time = "2025-12-06T13:19:38.216Z" },
    { url = "https://files.pythonhosted.org/packages/a1/70/a22362c2632d07d8e29431418e0485f12a41b3c4844f15b60ca5a969e01c/pyqt6_sip-13.10.3-cp314-cp314-macosx_10_15_universal2.whl", hash = "sha256:eb7afe41329ce2eca99118f01776a047a2a150c550258dff1746505af223f997", size = 112432, upload-time = "2025-12-06T13:19:39.153Z" },
    { url = "https://files.pythonhosted.org/packages/25/72/e0a7e4489ea5b948aef707a7d76baf6722a65aabd7e4d3c253583eb6b268/pyqt6_sip-13.10.3-cp314-cp314-manylinux1_x86_64.manylinux_2_5_x86_64.whl", hash = "sha256:6122fe4ccba5a5023581c2c3c57deab6eab56d8e931beec20b05666a46a38e6a", size = 301341, upload-time = "2025-12-06T13:19:41.642Z" },
    { url = "https://files.pythonhosted.org/packages/1f/43/0a648469a7e4f07df1c4ad6443f892e55631f24f7af30c7c946e458a82d1/pyqt6_sip-13.10.3-cp314-cp314-manylinux_2_17_aarch64.manylinux2014_aarch64.whl", hash = "sha256:3286a98e93608d51048e9046f557117424c8366be266b33ff852ee54ffa7b9bf", size = 324062, upload-time = "2025-12-06T13:19:40.308Z" },
    { url = "https://files.pythonhosted.org/packages/f3/0d/67d2095a932c007210437318c31fbc8376deb4e4491907861c4b9ac4ad9e/pyqt6_sip-13.10.3-cp314-cp314-win_amd64.whl", hash = "sha256:4fc6229ba7276266e3805b5517e7413cba79538f0c3ce7d2042a2027a90f99cf", size = 55076, upload-time = "2025-12-06T13:19:42.61Z" },
    { url = "https://files.pythonhosted.org/packages/f8/cd/f121be0271dc73d54f3580584103c046a8d2c06a2686b594b77fd677a5ef/pyqt6_sip-13.10.3-cp314-cp314-win_arm64.whl", hash = "sha256:efef47667ca009557d7ecf985b15f0bf440584fd634ee0eab19ec296effc7cca", size = 49464, upload-time = "2025-12-06T13:19:43.638Z" },
]

[[package]]
name = "subtle"
source = { editable = "." }
dependencies = [
    { name = "pyenchant" },
    { name = "pyqt6" },
]

[package.metadata]
requires-dist = [
    { name = "pyenchant", specifier = ">=3.0.0" },
    { name = "pyqt6", specifier = ">=6.4" },
]
